
Microsoft Visual Studio Solution File, Format Version 12.00
# Visual Studio Version 16
VisualStudioVersion = 16.0.30621.155
MinimumVisualStudioVersion = 10.0.40219.1
Project("{9A19103F-16F7-4668-BE54-9A1E7A4F7556}") = "Twitch", "Twitch.csproj", "{618D3B3F-7B7F-4E89-8115-F93B7257E244}"
EndProject
Global
	GlobalSection(SolutionConfigurationPlatforms) = preSolution
		Debug|Any CPU = Debug|Any CPU
		Release|Any CPU = Release|Any CPU
	EndGlobalSection
	GlobalSection(ProjectConfigurationPlatforms) = postSolution
		{618D3B3F-7B7F-4E89-8115-F93B7257E244}.Debug|Any CPU.ActiveCfg = Debug|Any CPU
		{618D3B3F-7B7F-4E89-8115-F93B7257E244}.Debug|Any CPU.Build.0 = Debug|Any CPU
		{618D3B3F-7B7F-4E89-8115-F93B7257E244}.Release|Any CPU.ActiveCfg = Release|Any CPU
		{618D3B3F-7B7F-4E89-8115-F93B7257E244}.Release|Any CPU.Build.0 = Release|Any CPU
	EndGlobalSection
	GlobalSection(SolutionProperties) = preSolution
		HideSolutionNode = FALSE
	EndGlobalSection
	GlobalSection(ExtensibilityGlobals) = postSolution
		SolutionGuid = {272D9E18-98C0-4F5E-99B9-88C85B60C83E}
	EndGlobalSection
EndGlobal
